// !$*UTF8*$!
{
	archiveVersion = 1;
	classes = {
	};
	objectVersion = 50;
	objects = {

/* Begin PBXBuildFile section */
		16A8AB454BEEED937181515E /* Pods_NoStoryBoard.framework in Frameworks */ = {isa = PBXBuildFile; fileRef = 9581B8B59AF2C430069D76B3 /* Pods_NoStoryBoard.framework */; };
		520094E020FB94E200F6F331 /* TableViewDataSource.swift in Sources */ = {isa = PBXBuildFile; fileRef = 520094DF20FB94E200F6F331 /* TableViewDataSource.swift */; };
		520094E220FBC83700F6F331 /* DataSourceProtocol.swift in Sources */ = {isa = PBXBuildFile; fileRef = 520094E120FBC83700F6F331 /* DataSourceProtocol.swift */; };
		520918B920DB429600943488 /* MapViewController.swift in Sources */ = {isa = PBXBuildFile; fileRef = 520918B820DB429600943488 /* MapViewController.swift */; };
		520918BB20DB431000943488 /* PurpView.swift in Sources */ = {isa = PBXBuildFile; fileRef = 520918BA20DB431000943488 /* PurpView.swift */; };
		5222C68E20D73B4F0023997D /* AppDelegate.swift in Sources */ = {isa = PBXBuildFile; fileRef = 5222C68D20D73B4F0023997D /* AppDelegate.swift */; };
		5222C69020D73B4F0023997D /* ViewController.swift in Sources */ = {isa = PBXBuildFile; fileRef = 5222C68F20D73B4F0023997D /* ViewController.swift */; };
		5222C69520D73B590023997D /* Assets.xcassets in Resources */ = {isa = PBXBuildFile; fileRef = 5222C69420D73B590023997D /* Assets.xcassets */; };
		5222C69820D73B590023997D /* LaunchScreen.storyboard in Resources */ = {isa = PBXBuildFile; fileRef = 5222C69620D73B590023997D /* LaunchScreen.storyboard */; };
		5222C6A320D73B590023997D /* NoStoryBoardTests.swift in Sources */ = {isa = PBXBuildFile; fileRef = 5222C6A220D73B590023997D /* NoStoryBoardTests.swift */; };
		5222C6B020D747690023997D /* CoreLocation.framework in Frameworks */ = {isa = PBXBuildFile; fileRef = 5222C6AE20D747630023997D /* CoreLocation.framework */; };
		5222C6B420D74B1B0023997D /* LocationManagerProcess.swift in Sources */ = {isa = PBXBuildFile; fileRef = 5222C6B320D74B1B0023997D /* LocationManagerProcess.swift */; };
		527630F120DA0F6200E48A8A /* SwiftyJSON.swift in Sources */ = {isa = PBXBuildFile; fileRef = 527630F020DA0F6100E48A8A /* SwiftyJSON.swift */; };
		527630F320DA7F5700E48A8A /* NetWorkMangerProtocol.swift in Sources */ = {isa = PBXBuildFile; fileRef = 527630F220DA7F5700E48A8A /* NetWorkMangerProtocol.swift */; };
		52B902F320D7F772006B9CA6 /* NetWorkManger.swift in Sources */ = {isa = PBXBuildFile; fileRef = 52B902F220D7F772006B9CA6 /* NetWorkManger.swift */; };
		52B902F520D7F86B006B9CA6 /* LocationServicesProtocol.swift in Sources */ = {isa = PBXBuildFile; fileRef = 52B902F420D7F86B006B9CA6 /* LocationServicesProtocol.swift */; };
		52B902F720D89569006B9CA6 /* RestaurantsModel.swift in Sources */ = {isa = PBXBuildFile; fileRef = 52B902F620D89569006B9CA6 /* RestaurantsModel.swift */; };
		52F1CA4A20DAD72600958DFF /* BurritoTableViewCell.swift in Sources */ = {isa = PBXBuildFile; fileRef = 52F1CA4920DAD72600958DFF /* BurritoTableViewCell.swift */; };
		D1E4AF3A53BAAACFBD31D190 /* Pods_NoStoryBoardTests.framework in Frameworks */ = {isa = PBXBuildFile; fileRef = 5D0F2DD55F38949767D9585E /* Pods_NoStoryBoardTests.framework */; };
/* End PBXBuildFile section */

/* Begin PBXContainerItemProxy section */
		5222C69F20D73B590023997D /* PBXContainerItemProxy */ = {
			isa = PBXContainerItemProxy;
			containerPortal = 5222C68220D73B4E0023997D /* Project object */;
			proxyType = 1;
			remoteGlobalIDString = 5222C68920D73B4E0023997D;
			remoteInfo = NoStoryBoard;
		};
/* End PBXContainerItemProxy section */

/* Begin PBXCopyFilesBuildPhase section */
		52B9788F20DA09CB00E295D3 /* Embed Frameworks */ = {
			isa = PBXCopyFilesBuildPhase;
			buildActionMask = 2147483647;
			dstPath = "";
			dstSubfolderSpec = 10;
			files = (
			);
			name = "Embed Frameworks";
			runOnlyForDeploymentPostprocessing = 0;
		};
/* End PBXCopyFilesBuildPhase section */

/* Begin PBXFileReference section */
		4ED666C0B8B25C52C9FDACBE /* Pods-NoStoryBoardTests.debug.xcconfig */ = {isa = PBXFileReference; includeInIndex = 1; lastKnownFileType = text.xcconfig; name = "Pods-NoStoryBoardTests.debug.xcconfig"; path = "Pods/Target Support Files/Pods-NoStoryBoardTests/Pods-NoStoryBoardTests.debug.xcconfig"; sourceTree = "<group>"; };
		520094DF20FB94E200F6F331 /* TableViewDataSource.swift */ = {isa = PBXFileReference; lastKnownFileType = sourcecode.swift; path = TableViewDataSource.swift; sourceTree = "<group>"; };
		520094E120FBC83700F6F331 /* DataSourceProtocol.swift */ = {isa = PBXFileReference; lastKnownFileType = sourcecode.swift; path = DataSourceProtocol.swift; sourceTree = "<group>"; };
		520918B820DB429600943488 /* MapViewController.swift */ = {isa = PBXFileReference; lastKnownFileType = sourcecode.swift; path = MapViewController.swift; sourceTree = "<group>"; };
		520918BA20DB431000943488 /* PurpView.swift */ = {isa = PBXFileReference; lastKnownFileType = sourcecode.swift; path = PurpView.swift; sourceTree = "<group>"; };
		5222C68A20D73B4F0023997D /* NoStoryBoard.app */ = {isa = PBXFileReference; explicitFileType = wrapper.application; includeInIndex = 0; path = NoStoryBoard.app; sourceTree = BUILT_PRODUCTS_DIR; };
		5222C68D20D73B4F0023997D /* AppDelegate.swift */ = {isa = PBXFileReference; lastKnownFileType = sourcecode.swift; path = AppDelegate.swift; sourceTree = "<group>"; };
		5222C68F20D73B4F0023997D /* ViewController.swift */ = {isa = PBXFileReference; lastKnownFileType = sourcecode.swift; path = ViewController.swift; sourceTree = "<group>"; };
		5222C69420D73B590023997D /* Assets.xcassets */ = {isa = PBXFileReference; lastKnownFileType = folder.assetcatalog; path = Assets.xcassets; sourceTree = "<group>"; };
		5222C69720D73B590023997D /* Base */ = {isa = PBXFileReference; lastKnownFileType = file.storyboard; name = Base; path = Base.lproj/LaunchScreen.storyboard; sourceTree = "<group>"; };
		5222C69920D73B590023997D /* Info.plist */ = {isa = PBXFileReference; lastKnownFileType = text.plist.xml; path = Info.plist; sourceTree = "<group>"; };
		5222C69E20D73B590023997D /* NoStoryBoardTests.xctest */ = {isa = PBXFileReference; explicitFileType = wrapper.cfbundle; includeInIndex = 0; path = NoStoryBoardTests.xctest; sourceTree = BUILT_PRODUCTS_DIR; };
		5222C6A220D73B590023997D /* NoStoryBoardTests.swift */ = {isa = PBXFileReference; lastKnownFileType = sourcecode.swift; path = NoStoryBoardTests.swift; sourceTree = "<group>"; };
		5222C6A420D73B590023997D /* Info.plist */ = {isa = PBXFileReference; lastKnownFileType = text.plist.xml; path = Info.plist; sourceTree = "<group>"; };
		5222C6AE20D747630023997D /* CoreLocation.framework */ = {isa = PBXFileReference; lastKnownFileType = wrapper.framework; name = CoreLocation.framework; path = System/Library/Frameworks/CoreLocation.framework; sourceTree = SDKROOT; };
		5222C6B320D74B1B0023997D /* LocationManagerProcess.swift */ = {isa = PBXFileReference; lastKnownFileType = sourcecode.swift; path = LocationManagerProcess.swift; sourceTree = "<group>"; };
		527630F020DA0F6100E48A8A /* SwiftyJSON.swift */ = {isa = PBXFileReference; fileEncoding = 4; lastKnownFileType = sourcecode.swift; name = SwiftyJSON.swift; path = "../../../Downloads/SwiftyJSON-master/Source/SwiftyJSON.swift"; sourceTree = "<group>"; };
		527630F220DA7F5700E48A8A /* NetWorkMangerProtocol.swift */ = {isa = PBXFileReference; lastKnownFileType = sourcecode.swift; path = NetWorkMangerProtocol.swift; sourceTree = "<group>"; };
		52B902F220D7F772006B9CA6 /* NetWorkManger.swift */ = {isa = PBXFileReference; lastKnownFileType = sourcecode.swift; path = NetWorkManger.swift; sourceTree = "<group>"; };
		52B902F420D7F86B006B9CA6 /* LocationServicesProtocol.swift */ = {isa = PBXFileReference; lastKnownFileType = sourcecode.swift; path = LocationServicesProtocol.swift; sourceTree = "<group>"; };
		52B902F620D89569006B9CA6 /* RestaurantsModel.swift */ = {isa = PBXFileReference; lastKnownFileType = sourcecode.swift; path = RestaurantsModel.swift; sourceTree = "<group>"; };
		52B9788A20DA083400E295D3 /* SwiftyJSON.framework */ = {isa = PBXFileReference; explicitFileType = wrapper.framework; path = SwiftyJSON.framework; sourceTree = BUILT_PRODUCTS_DIR; };
		52F1CA4920DAD72600958DFF /* BurritoTableViewCell.swift */ = {isa = PBXFileReference; lastKnownFileType = sourcecode.swift; path = BurritoTableViewCell.swift; sourceTree = "<group>"; };
		5D0F2DD55F38949767D9585E /* Pods_NoStoryBoardTests.framework */ = {isa = PBXFileReference; explicitFileType = wrapper.framework; includeInIndex = 0; path = Pods_NoStoryBoardTests.framework; sourceTree = BUILT_PRODUCTS_DIR; };
		9581B8B59AF2C430069D76B3 /* Pods_NoStoryBoard.framework */ = {isa = PBXFileReference; explicitFileType = wrapper.framework; includeInIndex = 0; path = Pods_NoStoryBoard.framework; sourceTree = BUILT_PRODUCTS_DIR; };
		9E496AE3564769A927FFD79A /* Pods-NoStoryBoardTests.release.xcconfig */ = {isa = PBXFileReference; includeInIndex = 1; lastKnownFileType = text.xcconfig; name = "Pods-NoStoryBoardTests.release.xcconfig"; path = "Pods/Target Support Files/Pods-NoStoryBoardTests/Pods-NoStoryBoardTests.release.xcconfig"; sourceTree = "<group>"; };
		BABF6B166DE68F0C139333B6 /* Pods-NoStoryBoard.release.xcconfig */ = {isa = PBXFileReference; includeInIndex = 1; lastKnownFileType = text.xcconfig; name = "Pods-NoStoryBoard.release.xcconfig"; path = "Pods/Target Support Files/Pods-NoStoryBoard/Pods-NoStoryBoard.release.xcconfig"; sourceTree = "<group>"; };
		DB0ECF2205CA7FD650015F04 /* Pods-NoStoryBoard.debug.xcconfig */ = {isa = PBXFileReference; includeInIndex = 1; lastKnownFileType = text.xcconfig; name = "Pods-NoStoryBoard.debug.xcconfig"; path = "Pods/Target Support Files/Pods-NoStoryBoard/Pods-NoStoryBoard.debug.xcconfig"; sourceTree = "<group>"; };
/* End PBXFileReference section */

/* Begin PBXFrameworksBuildPhase section */
		5222C68720D73B4E0023997D /* Frameworks */ = {
			isa = PBXFrameworksBuildPhase;
			buildActionMask = 2147483647;
			files = (
				5222C6B020D747690023997D /* CoreLocation.framework in Frameworks */,
				16A8AB454BEEED937181515E /* Pods_NoStoryBoard.framework in Frameworks */,
			);
			runOnlyForDeploymentPostprocessing = 0;
		};
		5222C69B20D73B590023997D /* Frameworks */ = {
			isa = PBXFrameworksBuildPhase;
			buildActionMask = 2147483647;
			files = (
				D1E4AF3A53BAAACFBD31D190 /* Pods_NoStoryBoardTests.framework in Frameworks */,
			);
			runOnlyForDeploymentPostprocessing = 0;
		};
/* End PBXFrameworksBuildPhase section */

/* Begin PBXGroup section */
		5222C68120D73B4E0023997D = {
			isa = PBXGroup;
			children = (
				5222C68C20D73B4F0023997D /* NoStoryBoard */,
				5222C6A120D73B590023997D /* NoStoryBoardTests */,
				5222C68B20D73B4F0023997D /* Products */,
				5222C6AD20D747620023997D /* Frameworks */,
				6B01F2C191FC09E74C361EA5 /* Pods */,
			);
			sourceTree = "<group>";
		};
		5222C68B20D73B4F0023997D /* Products */ = {
			isa = PBXGroup;
			children = (
				5222C68A20D73B4F0023997D /* NoStoryBoard.app */,
				5222C69E20D73B590023997D /* NoStoryBoardTests.xctest */,
			);
			name = Products;
			sourceTree = "<group>";
		};
		5222C68C20D73B4F0023997D /* NoStoryBoard */ = {
			isa = PBXGroup;
			children = (
				527630F020DA0F6100E48A8A /* SwiftyJSON.swift */,
				520918B820DB429600943488 /* MapViewController.swift */,
				520918BA20DB431000943488 /* PurpView.swift */,
				5222C68D20D73B4F0023997D /* AppDelegate.swift */,
				5222C68F20D73B4F0023997D /* ViewController.swift */,
				520094DF20FB94E200F6F331 /* TableViewDataSource.swift */,
				520094E120FBC83700F6F331 /* DataSourceProtocol.swift */,
				5222C6B320D74B1B0023997D /* LocationManagerProcess.swift */,
				52B902F420D7F86B006B9CA6 /* LocationServicesProtocol.swift */,
				52B902F220D7F772006B9CA6 /* NetWorkManger.swift */,
				527630F220DA7F5700E48A8A /* NetWorkMangerProtocol.swift */,
				52B902F620D89569006B9CA6 /* RestaurantsModel.swift */,
				52F1CA4920DAD72600958DFF /* BurritoTableViewCell.swift */,
				5222C69420D73B590023997D /* Assets.xcassets */,
				5222C69620D73B590023997D /* LaunchScreen.storyboard */,
				5222C69920D73B590023997D /* Info.plist */,
			);
			path = NoStoryBoard;
			sourceTree = "<group>";
		};
		5222C6A120D73B590023997D /* NoStoryBoardTests */ = {
			isa = PBXGroup;
			children = (
				5222C6A220D73B590023997D /* NoStoryBoardTests.swift */,
				5222C6A420D73B590023997D /* Info.plist */,
			);
			path = NoStoryBoardTests;
			sourceTree = "<group>";
		};
		5222C6AD20D747620023997D /* Frameworks */ = {
			isa = PBXGroup;
			children = (
				52B9788A20DA083400E295D3 /* SwiftyJSON.framework */,
				5222C6AE20D747630023997D /* CoreLocation.framework */,
				9581B8B59AF2C430069D76B3 /* Pods_NoStoryBoard.framework */,
				5D0F2DD55F38949767D9585E /* Pods_NoStoryBoardTests.framework */,
			);
			name = Frameworks;
			sourceTree = "<group>";
		};
		6B01F2C191FC09E74C361EA5 /* Pods */ = {
			isa = PBXGroup;
			children = (
				DB0ECF2205CA7FD650015F04 /* Pods-NoStoryBoard.debug.xcconfig */,
				BABF6B166DE68F0C139333B6 /* Pods-NoStoryBoard.release.xcconfig */,
				4ED666C0B8B25C52C9FDACBE /* Pods-NoStoryBoardTests.debug.xcconfig */,
				9E496AE3564769A927FFD79A /* Pods-NoStoryBoardTests.release.xcconfig */,
			);
			name = Pods;
			sourceTree = "<group>";
		};
/* End PBXGroup section */

/* Begin PBXNativeTarget section */
		5222C68920D73B4E0023997D /* NoStoryBoard */ = {
			isa = PBXNativeTarget;
			buildConfigurationList = 5222C6A720D73B590023997D /* Build configuration list for PBXNativeTarget "NoStoryBoard" */;
			buildPhases = (
				7260B83FD59B3F308E2CDB8C /* [CP] Check Pods Manifest.lock */,
				5222C68620D73B4E0023997D /* Sources */,
				5222C68720D73B4E0023997D /* Frameworks */,
				5222C68820D73B4E0023997D /* Resources */,
				52B9788F20DA09CB00E295D3 /* Embed Frameworks */,
				8985B5523C82E2720DEE18FD /* [CP] Copy Pods Resources */,
				52FE283E20E00FAE0027E174 /* ShellScript */,
			);
			buildRules = (
			);
			dependencies = (
			);
			name = NoStoryBoard;
			productName = NoStoryBoard;
			productReference = 5222C68A20D73B4F0023997D /* NoStoryBoard.app */;
			productType = "com.apple.product-type.application";
		};
		5222C69D20D73B590023997D /* NoStoryBoardTests */ = {
			isa = PBXNativeTarget;
			buildConfigurationList = 5222C6AA20D73B590023997D /* Build configuration list for PBXNativeTarget "NoStoryBoardTests" */;
			buildPhases = (
				52B7DEDFC1E77F18102CB96B /* [CP] Check Pods Manifest.lock */,
				5222C69A20D73B590023997D /* Sources */,
				5222C69B20D73B590023997D /* Frameworks */,
				5222C69C20D73B590023997D /* Resources */,
			);
			buildRules = (
			);
			dependencies = (
				5222C6A020D73B590023997D /* PBXTargetDependency */,
			);
			name = NoStoryBoardTests;
			productName = NoStoryBoardTests;
			productReference = 5222C69E20D73B590023997D /* NoStoryBoardTests.xctest */;
			productType = "com.apple.product-type.bundle.unit-test";
		};
/* End PBXNativeTarget section */

/* Begin PBXProject section */
		5222C68220D73B4E0023997D /* Project object */ = {
			isa = PBXProject;
			attributes = {
				LastSwiftUpdateCheck = 0940;
				LastUpgradeCheck = 0940;
				ORGANIZATIONNAME = Sebat;
				TargetAttributes = {
					5222C68920D73B4E0023997D = {
						CreatedOnToolsVersion = 9.4;
						SystemCapabilities = {
							com.apple.BackgroundModes = {
								enabled = 1;
							};
							com.apple.Maps.iOS = {
								enabled = 0;
							};
						};
					};
					5222C69D20D73B590023997D = {
						CreatedOnToolsVersion = 9.4;
						TestTargetID = 5222C68920D73B4E0023997D;
					};
				};
			};
			buildConfigurationList = 5222C68520D73B4E0023997D /* Build configuration list for PBXProject "NoStoryBoard" */;
			compatibilityVersion = "Xcode 9.3";
			developmentRegion = en;
			hasScannedForEncodings = 0;
			knownRegions = (
				en,
				Base,
			);
			mainGroup = 5222C68120D73B4E0023997D;
			productRefGroup = 5222C68B20D73B4F0023997D /* Products */;
			projectDirPath = "";
			projectRoot = "";
			targets = (
				5222C68920D73B4E0023997D /* NoStoryBoard */,
				5222C69D20D73B590023997D /* NoStoryBoardTests */,
			);
		};
/* End PBXProject section */

/* Begin PBXResourcesBuildPhase section */
		5222C68820D73B4E0023997D /* Resources */ = {
			isa = PBXResourcesBuildPhase;
			buildActionMask = 2147483647;
			files = (
				5222C69820D73B590023997D /* LaunchScreen.storyboard in Resources */,
				5222C69520D73B590023997D /* Assets.xcassets in Resources */,
			);
			runOnlyForDeploymentPostprocessing = 0;
		};
		5222C69C20D73B590023997D /* Resources */ = {
			isa = PBXResourcesBuildPhase;
			buildActionMask = 2147483647;
			files = (
			);
			runOnlyForDeploymentPostprocessing = 0;
		};
/* End PBXResourcesBuildPhase section */

/* Begin PBXShellScriptBuildPhase section */
		52B7DEDFC1E77F18102CB96B /* [CP] Check Pods Manifest.lock */ = {
			isa = PBXShellScriptBuildPhase;
			buildActionMask = 2147483647;
			files = (
			);
			inputPaths = (
				"${PODS_PODFILE_DIR_PATH}/Podfile.lock",
				"${PODS_ROOT}/Manifest.lock",
			);
			name = "[CP] Check Pods Manifest.lock";
			outputPaths = (
				"$(DERIVED_FILE_DIR)/Pods-NoStoryBoardTests-checkManifestLockResult.txt",
			);
			runOnlyForDeploymentPostprocessing = 0;
			shellPath = /bin/sh;
			shellScript = "diff \"${PODS_PODFILE_DIR_PATH}/Podfile.lock\" \"${PODS_ROOT}/Manifest.lock\" > /dev/null\nif [ $? != 0 ] ; then\n    # print error to STDERR\n    echo \"error: The sandbox is not in sync with the Podfile.lock. Run 'pod install' or update your CocoaPods installation.\" >&2\n    exit 1\nfi\n# This output is used by Xcode 'outputs' to avoid re-running this script phase.\necho \"SUCCESS\" > \"${SCRIPT_OUTPUT_FILE_0}\"\n";
			showEnvVarsInLog = 0;
		};
		52FE283E20E00FAE0027E174 /* ShellScript */ = {
			isa = PBXShellScriptBuildPhase;
			buildActionMask = 2147483647;
			files = (
			);
			inputPaths = (
			);
			outputPaths = (
			);
			runOnlyForDeploymentPostprocessing = 0;
			shellPath = /bin/sh;
			shellScript = "\"${PODS_ROOT}/SwiftLint/swiftlint\"";
		};
		7260B83FD59B3F308E2CDB8C /* [CP] Check Pods Manifest.lock */ = {
			isa = PBXShellScriptBuildPhase;
			buildActionMask = 2147483647;
			files = (
			);
			inputPaths = (
				"${PODS_PODFILE_DIR_PATH}/Podfile.lock",
				"${PODS_ROOT}/Manifest.lock",
			);
			name = "[CP] Check Pods Manifest.lock";
			outputPaths = (
				"$(DERIVED_FILE_DIR)/Pods-NoStoryBoard-checkManifestLockResult.txt",
			);
			runOnlyForDeploymentPostprocessing = 0;
			shellPath = /bin/sh;
			shellScript = "diff \"${PODS_PODFILE_DIR_PATH}/Podfile.lock\" \"${PODS_ROOT}/Manifest.lock\" > /dev/null\nif [ $? != 0 ] ; then\n    # print error to STDERR\n    echo \"error: The sandbox is not in sync with the Podfile.lock. Run 'pod install' or update your CocoaPods installation.\" >&2\n    exit 1\nfi\n# This output is used by Xcode 'outputs' to avoid re-running this script phase.\necho \"SUCCESS\" > \"${SCRIPT_OUTPUT_FILE_0}\"\n";
			showEnvVarsInLog = 0;
		};
		8985B5523C82E2720DEE18FD /* [CP] Copy Pods Resources */ = {
			isa = PBXShellScriptBuildPhase;
			buildActionMask = 2147483647;
			files = (
			);
			inputPaths = (
				"${SRCROOT}/Pods/Target Support Files/Pods-NoStoryBoard/Pods-NoStoryBoard-resources.sh",
				"${PODS_ROOT}/GoogleMaps/Maps/Frameworks/GoogleMaps.framework/Resources/GoogleMaps.bundle",
				"${PODS_ROOT}/GooglePlaces/Frameworks/GooglePlaces.framework/Resources/GooglePlaces.bundle",
			);
			name = "[CP] Copy Pods Resources";
			outputPaths = (
				"${TARGET_BUILD_DIR}/${UNLOCALIZED_RESOURCES_FOLDER_PATH}/GoogleMaps.bundle",
				"${TARGET_BUILD_DIR}/${UNLOCALIZED_RESOURCES_FOLDER_PATH}/GooglePlaces.bundle",
			);
			runOnlyForDeploymentPostprocessing = 0;
			shellPath = /bin/sh;
			shellScript = "\"${SRCROOT}/Pods/Target Support Files/Pods-NoStoryBoard/Pods-NoStoryBoard-resources.sh\"\n";
			showEnvVarsInLog = 0;
		};
/* End PBXShellScriptBuildPhase section */

/* Begin PBXSourcesBuildPhase section */
		5222C68620D73B4E0023997D /* Sources */ = {
			isa = PBXSourcesBuildPhase;
			buildActionMask = 2147483647;
			files = (
				520918BB20DB431000943488 /* PurpView.swift in Sources */,
				5222C69020D73B4F0023997D /* ViewController.swift in Sources */,
				5222C68E20D73B4F0023997D /* AppDelegate.swift in Sources */,
				520094E220FBC83700F6F331 /* DataSourceProtocol.swift in Sources */,
				52B902F720D89569006B9CA6 /* RestaurantsModel.swift in Sources */,
				520918B920DB429600943488 /* MapViewController.swift in Sources */,
				52B902F320D7F772006B9CA6 /* NetWorkManger.swift in Sources */,
				520094E020FB94E200F6F331 /* TableViewDataSource.swift in Sources */,
				527630F320DA7F5700E48A8A /* NetWorkMangerProtocol.swift in Sources */,
				5222C6B420D74B1B0023997D /* LocationManagerProcess.swift in Sources */,
				52F1CA4A20DAD72600958DFF /* BurritoTableViewCell.swift in Sources */,
				527630F120DA0F6200E48A8A /* SwiftyJSON.swift in Sources */,
				52B902F520D7F86B006B9CA6 /* LocationServicesProtocol.swift in Sources */,
			);
			runOnlyForDeploymentPostprocessing = 0;
		};
		5222C69A20D73B590023997D /* Sources */ = {
			isa = PBXSourcesBuildPhase;
			buildActionMask = 2147483647;
			files = (
				5222C6A320D73B590023997D /* NoStoryBoardTests.swift in Sources */,
			);
			runOnlyForDeploymentPostprocessing = 0;
		};
/* End PBXSourcesBuildPhase section */

/* Begin PBXTargetDependency section */
		5222C6A020D73B590023997D /* PBXTargetDependency */ = {
			isa = PBXTargetDependency;
			target = 5222C68920D73B4E0023997D /* NoStoryBoard */;
			targetProxy = 5222C69F20D73B590023997D /* PBXContainerItemProxy */;
		};
/* End PBXTargetDependency section */

/* Begin PBXVariantGroup section */
		5222C69620D73B590023997D /* LaunchScreen.storyboard */ = {
			isa = PBXVariantGroup;
			children = (
				5222C69720D73B590023997D /* Base */,
			);
			name = LaunchScreen.storyboard;
			sourceTree = "<group>";
		};
/* End PBXVariantGroup section */

/* Begin XCBuildConfiguration section */
		5222C6A520D73B590023997D /* Debug */ = {
			isa = XCBuildConfiguration;
			buildSettings = {
				ALWAYS_SEARCH_USER_PATHS = NO;
				CLANG_ANALYZER_NONNULL = YES;
				CLANG_ANALYZER_NUMBER_OBJECT_CONVERSION = YES_AGGRESSIVE;
				CLANG_CXX_LANGUAGE_STANDARD = "gnu++14";
				CLANG_CXX_LIBRARY = "libc++";
				CLANG_ENABLE_MODULES = YES;
				CLANG_ENABLE_OBJC_ARC = YES;
				CLANG_ENABLE_OBJC_WEAK = YES;
				CLANG_WARN_BLOCK_CAPTURE_AUTORELEASING = YES;
				CLANG_WARN_BOOL_CONVERSION = YES;
				CLANG_WARN_COMMA = YES;
				CLANG_WARN_CONSTANT_CONVERSION = YES;
				CLANG_WARN_DEPRECATED_OBJC_IMPLEMENTATIONS = YES;
				CLANG_WARN_DIRECT_OBJC_ISA_USAGE = YES_ERROR;
				CLANG_WARN_DOCUMENTATION_COMMENTS = YES;
				CLANG_WARN_EMPTY_BODY = YES;
				CLANG_WARN_ENUM_CONVERSION = YES;
				CLANG_WARN_INFINITE_RECURSION = YES;
				CLANG_WARN_INT_CONVERSION = YES;
				CLANG_WARN_NON_LITERAL_NULL_CONVERSION = YES;
				CLANG_WARN_OBJC_IMPLICIT_RETAIN_SELF = YES;
				CLANG_WARN_OBJC_LITERAL_CONVERSION = YES;
				CLANG_WARN_OBJC_ROOT_CLASS = YES_ERROR;
				CLANG_WARN_RANGE_LOOP_ANALYSIS = YES;
				CLANG_WARN_STRICT_PROTOTYPES = YES;
				CLANG_WARN_SUSPICIOUS_MOVE = YES;
				CLANG_WARN_UNGUARDED_AVAILABILITY = YES_AGGRESSIVE;
				CLANG_WARN_UNREACHABLE_CODE = YES;
				CLANG_WARN__DUPLICATE_METHOD_MATCH = YES;
				CODE_SIGN_IDENTITY = "iPhone Developer";
				COPY_PHASE_STRIP = NO;
				DEBUG_INFORMATION_FORMAT = dwarf;
				ENABLE_STRICT_OBJC_MSGSEND = YES;
				ENABLE_TESTABILITY = YES;
				GCC_C_LANGUAGE_STANDARD = gnu11;
				GCC_DYNAMIC_NO_PIC = NO;
				GCC_NO_COMMON_BLOCKS = YES;
				GCC_OPTIMIZATION_LEVEL = 0;
				GCC_PREPROCESSOR_DEFINITIONS = (
					"DEBUG=1",
					"$(inherited)",
				);
				GCC_WARN_64_TO_32_BIT_CONVERSION = YES;
				GCC_WARN_ABOUT_RETURN_TYPE = YES_ERROR;
				GCC_WARN_UNDECLARED_SELECTOR = YES;
				GCC_WARN_UNINITIALIZED_AUTOS = YES_AGGRESSIVE;
				GCC_WARN_UNUSED_FUNCTION = YES;
				GCC_WARN_UNUSED_VARIABLE = YES;
				IPHONEOS_DEPLOYMENT_TARGET = 11.4;
				MTL_ENABLE_DEBUG_INFO = YES;
				ONLY_ACTIVE_ARCH = YES;
				SDKROOT = iphoneos;
				SWIFT_ACTIVE_COMPILATION_CONDITIONS = DEBUG;
				SWIFT_OPTIMIZATION_LEVEL = "-Onone";
			};
			name = Debug;
		};
		5222C6A620D73B590023997D /* Release */ = {
			isa = XCBuildConfiguration;
			buildSettings = {
				ALWAYS_SEARCH_USER_PATHS = NO;
				CLANG_ANALYZER_NONNULL = YES;
				CLANG_ANALYZER_NUMBER_OBJECT_CONVERSION = YES_AGGRESSIVE;
				CLANG_CXX_LANGUAGE_STANDARD = "gnu++14";
				CLANG_CXX_LIBRARY = "libc++";
				CLANG_ENABLE_MODULES = YES;
				CLANG_ENABLE_OBJC_ARC = YES;
				CLANG_ENABLE_OBJC_WEAK = YES;
				CLANG_WARN_BLOCK_CAPTURE_AUTORELEASING = YES;
				CLANG_WARN_BOOL_CONVERSION = YES;
				CLANG_WARN_COMMA = YES;
				CLANG_WARN_CONSTANT_CONVERSION = YES;
				CLANG_WARN_DEPRECATED_OBJC_IMPLEMENTATIONS = YES;
				CLANG_WARN_DIRECT_OBJC_ISA_USAGE = YES_ERROR;
				CLANG_WARN_DOCUMENTATION_COMMENTS = YES;
				CLANG_WARN_EMPTY_BODY = YES;
				CLANG_WARN_ENUM_CONVERSION = YES;
				CLANG_WARN_INFINITE_RECURSION = YES;
				CLANG_WARN_INT_CONVERSION = YES;
				CLANG_WARN_NON_LITERAL_NULL_CONVERSION = YES;
				CLANG_WARN_OBJC_IMPLICIT_RETAIN_SELF = YES;
				CLANG_WARN_OBJC_LITERAL_CONVERSION = YES;
				CLANG_WARN_OBJC_ROOT_CLASS = YES_ERROR;
				CLANG_WARN_RANGE_LOOP_ANALYSIS = YES;
				CLANG_WARN_STRICT_PROTOTYPES = YES;
				CLANG_WARN_SUSPICIOUS_MOVE = YES;
				CLANG_WARN_UNGUARDED_AVAILABILITY = YES_AGGRESSIVE;
				CLANG_WARN_UNREACHABLE_CODE = YES;
				CLANG_WARN__DUPLICATE_METHOD_MATCH = YES;
				CODE_SIGN_IDENTITY = "iPhone Developer";
				COPY_PHASE_STRIP = NO;
				DEBUG_INFORMATION_FORMAT = "dwarf-with-dsym";
				ENABLE_NS_ASSERTIONS = NO;
				ENABLE_STRICT_OBJC_MSGSEND = YES;
				GCC_C_LANGUAGE_STANDARD = gnu11;
				GCC_NO_COMMON_BLOCKS = YES;
				GCC_WARN_64_TO_32_BIT_CONVERSION = YES;
				GCC_WARN_ABOUT_RETURN_TYPE = YES_ERROR;
				GCC_WARN_UNDECLARED_SELECTOR = YES;
				GCC_WARN_UNINITIALIZED_AUTOS = YES_AGGRESSIVE;
				GCC_WARN_UNUSED_FUNCTION = YES;
				GCC_WARN_UNUSED_VARIABLE = YES;
				IPHONEOS_DEPLOYMENT_TARGET = 11.4;
				MTL_ENABLE_DEBUG_INFO = NO;
				SDKROOT = iphoneos;
				SWIFT_COMPILATION_MODE = wholemodule;
				SWIFT_OPTIMIZATION_LEVEL = "-O";
				VALIDATE_PRODUCT = YES;
			};
			name = Release;
		};
		5222C6A820D73B590023997D /* Debug */ = {
			isa = XCBuildConfiguration;
			baseConfigurationReference = DB0ECF2205CA7FD650015F04 /* Pods-NoStoryBoard.debug.xcconfig */;
			buildSettings = {
				ASSETCATALOG_COMPILER_APPICON_NAME = AppIcon;
				CODE_SIGN_STYLE = Automatic;
				DEVELOPMENT_TEAM = VYU5JKTB5J;
				INFOPLIST_FILE = NoStoryBoard/Info.plist;
				LD_RUNPATH_SEARCH_PATHS = (
					"$(inherited)",
					"@executable_path/Frameworks",
				);
				PRODUCT_BUNDLE_IDENTIFIER = Berkay.NoStoryBoard;
				PRODUCT_NAME = "$(TARGET_NAME)";
				SWIFT_VERSION = 4.0;
				TARGETED_DEVICE_FAMILY = "1,2";
			};
			name = Debug;
		};
		5222C6A920D73B590023997D /* Release */ = {
			isa = XCBuildConfiguration;
			baseConfigurationReference = BABF6B166DE68F0C139333B6 /* Pods-NoStoryBoard.release.xcconfig */;
			buildSettings = {
				ASSETCATALOG_COMPILER_APPICON_NAME = AppIcon;
				CODE_SIGN_STYLE = Automatic;
				DEVELOPMENT_TEAM = VYU5JKTB5J;
				INFOPLIST_FILE = NoStoryBoard/Info.plist;
				LD_RUNPATH_SEARCH_PATHS = (
					"$(inherited)",
					"@executable_path/Frameworks",
				);
				PRODUCT_BUNDLE_IDENTIFIER = Berkay.NoStoryBoard;
				PRODUCT_NAME = "$(TARGET_NAME)";
				SWIFT_VERSION = 4.0;
				TARGETED_DEVICE_FAMILY = "1,2";
			};
			name = Release;
		};
		5222C6AB20D73B590023997D /* Debug */ = {
			isa = XCBuildConfiguration;
			baseConfigurationReference = 4ED666C0B8B25C52C9FDACBE /* Pods-NoStoryBoardTests.debug.xcconfig */;
			buildSettings = {
				ALWAYS_EMBED_SWIFT_STANDARD_LIBRARIES = YES;
				BUNDLE_LOADER = "$(TEST_HOST)";
				CODE_SIGN_STYLE = Automatic;
				DEVELOPMENT_TEAM = VYU5JKTB5J;
				INFOPLIST_FILE = NoStoryBoardTests/Info.plist;
				LD_RUNPATH_SEARCH_PATHS = (
					"$(inherited)",
					"@executable_path/Frameworks",
					"@loader_path/Frameworks",
				);
				PRODUCT_BUNDLE_IDENTIFIER = Berkay.NoStoryBoardTests;
				PRODUCT_NAME = "$(TARGET_NAME)";
				SWIFT_VERSION = 4.0;
				TARGETED_DEVICE_FAMILY = "1,2";
				TEST_HOST = "$(BUILT_PRODUCTS_DIR)/NoStoryBoard.app/NoStoryBoard";
			};
			name = Debug;
		};
		5222C6AC20D73B590023997D /* Release */ = {
			isa = XCBuildConfiguration;
			baseConfigurationReference = 9E496AE3564769A927FFD79A /* Pods-NoStoryBoardTests.release.xcconfig */;
			buildSettings = {
				ALWAYS_EMBED_SWIFT_STANDARD_LIBRARIES = YES;
				BUNDLE_LOADER = "$(TEST_HOST)";
				CODE_SIGN_STYLE = Automatic;
				DEVELOPMENT_TEAM = VYU5JKTB5J;
				INFOPLIST_FILE = NoStoryBoardTests/Info.plist;
				LD_RUNPATH_SEARCH_PATHS = (
					"$(inherited)",
					"@executable_path/Frameworks",
					"@loader_path/Frameworks",
				);
				PRODUCT_BUNDLE_IDENTIFIER = Berkay.NoStoryBoardTests;
				PRODUCT_NAME = "$(TARGET_NAME)";
				SWIFT_VERSION = 4.0;
				TARGETED_DEVICE_FAMILY = "1,2";
				TEST_HOST = "$(BUILT_PRODUCTS_DIR)/NoStoryBoard.app/NoStoryBoard";
			};
			name = Release;
		};
/* End XCBuildConfiguration section */

/* Begin XCConfigurationList section */
		5222C68520D73B4E0023997D /* Build configuration list for PBXProject "NoStoryBoard" */ = {
			isa = XCConfigurationList;
			buildConfigurations = (
				5222C6A520D73B590023997D /* Debug */,
				5222C6A620D73B590023997D /* Release */,
			);
			defaultConfigurationIsVisible = 0;
			defaultConfigurationName = Release;
		};
		5222C6A720D73B590023997D /* Build configuration list for PBXNativeTarget "NoStoryBoard" */ = {
			isa = XCConfigurationList;
			buildConfigurations = (
				5222C6A820D73B590023997D /* Debug */,
				5222C6A920D73B590023997D /* Release */,
			);
			defaultConfigurationIsVisible = 0;
			defaultConfigurationName = Release;
		};
		5222C6AA20D73B590023997D /* Build configuration list for PBXNativeTarget "NoStoryBoardTests" */ = {
			isa = XCConfigurationList;
			buildConfigurations = (
				5222C6AB20D73B590023997D /* Debug */,
				5222C6AC20D73B590023997D /* Release */,
			);
			defaultConfigurationIsVisible = 0;
			defaultConfigurationName = Release;
		};
/* End XCConfigurationList section */
	};
	rootObject = 5222C68220D73B4E0023997D /* Project object */;
}
